
Microsoft Visual Studio Solution File, Format Version 12.00
# Visual Studio Version 17
VisualStudioVersion = 17.4.33213.308
MinimumVisualStudioVersion = 10.0.40219.1
Project("{9A19103F-16F7-4668-BE54-9A1E7A4F7556}") = "RPGHeroes", "RPGHeroes\RPGHeroes.csproj", "{323B9592-78E8-47FD-9050-DE5443AE698B}"
EndProject
Project("{9A19103F-16F7-4668-BE54-9A1E7A4F7556}") = "RPGHeroesTest", "RPGHeroesTest\RPGHeroesTest.csproj", "{868871BF-2D26-453B-8DBA-10B7FE58C1F7}"
EndProject
Project("{FAE04EC0-301F-11D3-BF4B-00C04F79EFBC}") = "RogueTest", "RogueTest\RogueTest.csproj", "{6B6B6639-E8A8-4E90-A2CF-22BA40689CD1}"
EndProject
Global
	GlobalSection(SolutionConfigurationPlatforms) = preSolution
		Debug|Any CPU = Debug|Any CPU
		Release|Any CPU = Release|Any CPU
	EndGlobalSection
	GlobalSection(ProjectConfigurationPlatforms) = postSolution
		{323B9592-78E8-47FD-9050-DE5443AE698B}.Debug|Any CPU.ActiveCfg = Debug|Any CPU
		{323B9592-78E8-47FD-9050-DE5443AE698B}.Debug|Any CPU.Build.0 = Debug|Any CPU
		{323B9592-78E8-47FD-9050-DE5443AE698B}.Release|Any CPU.ActiveCfg = Release|Any CPU
		{323B9592-78E8-47FD-9050-DE5443AE698B}.Release|Any CPU.Build.0 = Release|Any CPU
		{868871BF-2D26-453B-8DBA-10B7FE58C1F7}.Debug|Any CPU.ActiveCfg = Debug|Any CPU
		{868871BF-2D26-453B-8DBA-10B7FE58C1F7}.Debug|Any CPU.Build.0 = Debug|Any CPU
		{868871BF-2D26-453B-8DBA-10B7FE58C1F7}.Release|Any CPU.ActiveCfg = Release|Any CPU
		{868871BF-2D26-453B-8DBA-10B7FE58C1F7}.Release|Any CPU.Build.0 = Release|Any CPU
		{6B6B6639-E8A8-4E90-A2CF-22BA40689CD1}.Debug|Any CPU.ActiveCfg = Debug|Any CPU
		{6B6B6639-E8A8-4E90-A2CF-22BA40689CD1}.Debug|Any CPU.Build.0 = Debug|Any CPU
		{6B6B6639-E8A8-4E90-A2CF-22BA40689CD1}.Release|Any CPU.ActiveCfg = Release|Any CPU
		{6B6B6639-E8A8-4E90-A2CF-22BA40689CD1}.Release|Any CPU.Build.0 = Release|Any CPU
	EndGlobalSection
	GlobalSection(SolutionProperties) = preSolution
		HideSolutionNode = FALSE
	EndGlobalSection
	GlobalSection(ExtensibilityGlobals) = postSolution
		SolutionGuid = {F7F6157B-CD31-489F-AA26-CB7A5AEBBD14}
	EndGlobalSection
EndGlobal
